
Microsoft Visual Studio Solution File, Format Version 12.00
# Visual Studio Version 16
VisualStudioVersion = 16.0.30011.22
MinimumVisualStudioVersion = 10.0.40219.1
Project("{2150E333-8FDC-42A3-9474-1A3956D46DE8}") = "WebApp", "WebApp", "{FEECEB78-4395-461A-8073-E2AD1EC072E4}"
EndProject
Project("{FAE04EC0-301F-11D3-BF4B-00C04F79EFBC}") = "Web.Memberships", "WebApp\Web.Memberships\Web.Memberships.csproj", "{2CFF3D0D-4A36-42BD-AB03-FF7D3A521D85}"
EndProject
Project("{2150E333-8FDC-42A3-9474-1A3956D46DE8}") = "App_Docs", "App_Docs", "{EF1ECEBD-674E-4F66-A800-FFC8D73B5F78}"
	ProjectSection(SolutionItems) = preProject
		App_Docs\Adding VideoJS.pdf = App_Docs\Adding VideoJS.pdf
		App_Docs\Entities Diagram Large.png = App_Docs\Entities Diagram Large.png
		App_Docs\Entities Diagram Small.png = App_Docs\Entities Diagram Small.png
		App_Docs\Project.docx = App_Docs\Project.docx
	EndProjectSection
EndProject
Global
	GlobalSection(SolutionConfigurationPlatforms) = preSolution
		Debug|Any CPU = Debug|Any CPU
		Release|Any CPU = Release|Any CPU
	EndGlobalSection
	GlobalSection(ProjectConfigurationPlatforms) = postSolution
		{2CFF3D0D-4A36-42BD-AB03-FF7D3A521D85}.Debug|Any CPU.ActiveCfg = Debug|Any CPU
		{2CFF3D0D-4A36-42BD-AB03-FF7D3A521D85}.Debug|Any CPU.Build.0 = Debug|Any CPU
		{2CFF3D0D-4A36-42BD-AB03-FF7D3A521D85}.Release|Any CPU.ActiveCfg = Release|Any CPU
		{2CFF3D0D-4A36-42BD-AB03-FF7D3A521D85}.Release|Any CPU.Build.0 = Release|Any CPU
	EndGlobalSection
	GlobalSection(SolutionProperties) = preSolution
		HideSolutionNode = FALSE
	EndGlobalSection
	GlobalSection(NestedProjects) = preSolution
		{2CFF3D0D-4A36-42BD-AB03-FF7D3A521D85} = {FEECEB78-4395-461A-8073-E2AD1EC072E4}
	EndGlobalSection
	GlobalSection(ExtensibilityGlobals) = postSolution
		SolutionGuid = {A2E7068F-122F-4BFE-A4A6-2D10D82039AC}
	EndGlobalSection
EndGlobal
